{
  "name": "@elog/cli",
  "version": "1.0.0-beta.1",
  "lockfileVersion": 3,
  "requires": true,
  "packages": {
    "": {
      "name": "@elog/cli",
      "version": "1.0.0-beta.1",
      "dependencies": {
        "bundle-require": "^5.1.0",
        "chalk": "~5.6.2",
        "commander": "~15.0.0",
        "dotenv": "~17.4.2",
        "esbuild": "0.28.1",
        "image-size": "~2.0.2",
        "inquirer": "~14.0.2",
        "joycon": "3.1.1",
        "ofetch": "~1.5.1",
        "tiny-async-pool": "~2.1.0"
      },
      "bin": {
        "elog": "bin/elog.js"
      },
      "devDependencies": {
        "@types/node": "~22.19.19",
        "@types/tiny-async-pool": "^2.0.3",
        "tsdown": "^0.22.3",
        "typescript": "~6.0.3",
        "vitest": "^4.1.9"
      },
      "engines": {
        "node": ">=22.13.0"
      }
    },
    "../../node_modules/.pnpm/@types+node@22.19.19/node_modules/@types/node": {
      "version": "22.19.19",
      "dev": true,
      "license": "MIT",
      "dependencies": {
        "undici-types": "~6.21.0"
      }
    },
    "../../node_modules/.pnpm/bundle-require@5.1.0_esbuild@0.28.1/node_modules/bundle-require": {
      "version": "5.1.0",
      "license": "MIT",
      "dependencies": {
        "load-tsconfig": "^0.2.3"
      },
      "devDependencies": {
        "@egoist/prettier-config": "1.0.0",
        "@types/node": "18.11.18",
        "esbuild": "0.18.20",
        "prettier": "2.8.3",
        "tsup": "6.5.0",
        "typescript": "4.9.5",
        "vitest": "0.28.3"
      },
      "engines": {
        "node": "^12.20.0 || ^14.13.1 || >=16.0.0"
      },
      "peerDependencies": {
        "esbuild": ">=0.18"
      }
    },
    "../../node_modules/.pnpm/chalk@5.6.2/node_modules/chalk": {
      "version": "5.6.2",
      "license": "MIT",
      "devDependencies": {
        "@types/node": "^16.11.10",
        "ava": "^3.15.0",
        "c8": "^7.10.0",
        "color-convert": "^2.0.1",
        "execa": "^6.0.0",
        "log-update": "^5.0.0",
        "matcha": "^0.7.0",
        "tsd": "^0.19.0",
        "xo": "^0.57.0",
        "yoctodelay": "^2.0.0"
      },
      "engines": {
        "node": "^12.17.0 || ^14.13 || >=16.0.0"
      },
      "funding": {
        "url": "https://github.com/chalk/chalk?sponsor=1"
      }
    },
    "../../node_modules/.pnpm/commander@15.0.0/node_modules/commander": {
      "version": "15.0.0",
      "license": "MIT",
      "devDependencies": {
        "@eslint/js": "^10.0.1",
        "@types/node": "^22.7.4",
        "eslint": "^10.0.2",
        "eslint-config-prettier": "^10.0.1",
        "globals": "^17.3.0",
        "prettier": "^3.2.5",
        "tsd": "^0.33.0",
        "typescript": "^6.0.2",
        "typescript-eslint": "^8.12.2"
      },
      "engines": {
        "node": ">=22.12.0"
      }
    },
    "../../node_modules/.pnpm/dotenv@17.4.2/node_modules/dotenv": {
      "version": "17.4.2",
      "license": "BSD-2-Clause",
      "devDependencies": {
        "@types/node": "^18.11.3",
        "decache": "^4.6.2",
        "sinon": "^14.0.1",
        "standard": "^17.0.0",
        "standard-version": "^9.5.0",
        "tap": "^19.2.0",
        "typescript": "^4.8.4"
      },
      "engines": {
        "node": ">=12"
      },
      "funding": {
        "url": "https://dotenvx.com"
      }
    },
    "../../node_modules/.pnpm/esbuild@0.28.1/node_modules/esbuild": {
      "version": "0.28.1",
      "hasInstallScript": true,
      "license": "MIT",
      "bin": {
        "esbuild": "bin/esbuild"
      },
      "engines": {
        "node": ">=18"
      },
      "optionalDependencies": {
        "@esbuild/aix-ppc64": "0.28.1",
        "@esbuild/android-arm": "0.28.1",
        "@esbuild/android-arm64": "0.28.1",
        "@esbuild/android-x64": "0.28.1",
        "@esbuild/darwin-arm64": "0.28.1",
        "@esbuild/darwin-x64": "0.28.1",
        "@esbuild/freebsd-arm64": "0.28.1",
        "@esbuild/freebsd-x64": "0.28.1",
        "@esbuild/linux-arm": "0.28.1",
        "@esbuild/linux-arm64": "0.28.1",
        "@esbuild/linux-ia32": "0.28.1",
        "@esbuild/linux-loong64": "0.28.1",
        "@esbuild/linux-mips64el": "0.28.1",
        "@esbuild/linux-ppc64": "0.28.1",
        "@esbuild/linux-riscv64": "0.28.1",
        "@esbuild/linux-s390x": "0.28.1",
        "@esbuild/linux-x64": "0.28.1",
        "@esbuild/netbsd-arm64": "0.28.1",
        "@esbuild/netbsd-x64": "0.28.1",
        "@esbuild/openbsd-arm64": "0.28.1",
        "@esbuild/openbsd-x64": "0.28.1",
        "@esbuild/openharmony-arm64": "0.28.1",
        "@esbuild/sunos-x64": "0.28.1",
        "@esbuild/win32-arm64": "0.28.1",
        "@esbuild/win32-ia32": "0.28.1",
        "@esbuild/win32-x64": "0.28.1"
      }
    },
    "../../node_modules/.pnpm/image-size@2.0.2/node_modules/image-size": {
      "version": "2.0.2",
      "license": "MIT",
      "bin": {
        "image-size": "bin/image-size.js"
      },
      "devDependencies": {
        "@biomejs/biome": "1.9.4",
        "@types/glob": "8.1.0",
        "@types/node": "18.19.39",
        "c8": "10.1.3",
        "glob": "10.4.2",
        "ts-node": "10.9.2",
        "tsup": "8.3.5",
        "typedoc": "0.25.13",
        "typescript": "5.4.5"
      },
      "engines": {
        "node": ">=16.x"
      }
    },
    "../../node_modules/.pnpm/inquirer@14.0.2_@types+node@22.19.19/node_modules/inquirer": {
      "version": "14.0.2",
      "license": "MIT",
      "dependencies": {
        "@inquirer/ansi": "^2.0.7",
        "@inquirer/core": "^11.2.1",
        "@inquirer/prompts": "^8.5.2",
        "@inquirer/type": "^4.0.7",
        "mute-stream": "^3.0.0",
        "run-async": "^4.0.6"
      },
      "devDependencies": {
        "@types/mute-stream": "^0.0.4",
        "rxjs": "^7.8.2",
        "typescript": "^6.0.2"
      },
      "engines": {
        "node": ">=23.5.0 || ^22.13.0 || ^20.17.0"
      },
      "peerDependencies": {
        "@types/node": ">=18"
      },
      "peerDependenciesMeta": {
        "@types/node": {
          "optional": true
        }
      }
    },
    "../../node_modules/.pnpm/joycon@3.1.1/node_modules/joycon": {
      "version": "3.1.1",
      "license": "MIT",
      "devDependencies": {
        "@babel/cli": "^7.13.10",
        "@babel/core": "^7.13.10",
        "@babel/preset-env": "^7.13.10",
        "@egoist/prettier-config": "^0.1.0",
        "@types/node": "^14.14.33",
        "babel-jest": "^26.6.3",
        "babel-plugin-sync": "^0.1.0",
        "jest-cli": "^26.6.3",
        "prettier": "^2.2.1"
      },
      "engines": {
        "node": ">=10"
      }
    },
    "../../node_modules/.pnpm/ofetch@1.5.1/node_modules/ofetch": {
      "version": "1.5.1",
      "license": "MIT",
      "dependencies": {
        "destr": "^2.0.5",
        "node-fetch-native": "^1.6.7",
        "ufo": "^1.6.1"
      },
      "devDependencies": {
        "@types/node": "^24.9.1",
        "@vitest/coverage-v8": "^4.0.4",
        "changelogen": "^0.6.2",
        "eslint": "^9.38.0",
        "eslint-config-unjs": "^0.5.0",
        "fetch-blob": "^4.0.0",
        "formdata-polyfill": "^4.0.10",
        "h3": "^1.15.4",
        "jiti": "^2.6.1",
        "listhen": "^1.9.0",
        "prettier": "^3.6.2",
        "std-env": "^3.10.0",
        "typescript": "^5.9.3",
        "unbuild": "^3.6.1",
        "undici": "^7.16.0",
        "vitest": "^4.0.4"
      }
    },
    "../../node_modules/.pnpm/tiny-async-pool@2.1.0/node_modules/tiny-async-pool": {
      "version": "2.1.0",
      "license": "MIT",
      "devDependencies": {
        "babel-eslint": "^10.1.0",
        "chai": "^4.1.2",
        "chai-as-promised": "^7.1.1",
        "eslint": "^4.17.0",
        "eslint-config-prettier": "^2.9.0",
        "eslint-plugin-prettier": "^2.6.0",
        "mocha": "^5.0.0",
        "prettier": "^1.10.2"
      }
    },
    "../../node_modules/.pnpm/tsdown@0.22.3_typescript@6.0.3/node_modules/tsdown": {
      "version": "0.22.3",
      "dev": true,
      "license": "MIT",
      "dependencies": {
        "ansis": "^4.3.1",
        "cac": "^7.0.0",
        "defu": "^6.1.7",
        "empathic": "^2.0.1",
        "hookable": "^6.1.1",
        "import-without-cache": "^0.4.0",
        "obug": "^2.1.3",
        "picomatch": "^4.0.4",
        "rolldown": "~1.1.1",
        "rolldown-plugin-dts": "^0.26.0",
        "semver": "^7.8.4",
        "tinyexec": "^1.2.4",
        "tinyglobby": "^0.2.17",
        "tree-kill": "^1.2.2",
        "unconfig-core": "^7.5.0"
      },
      "bin": {
        "tsdown": "dist/run.mjs"
      },
      "devDependencies": {
        "@arethetypeswrong/core": "^0.18.3",
        "@sxzz/eslint-config": "^8.2.0",
        "@sxzz/prettier-config": "^2.3.1",
        "@sxzz/test-utils": "^0.5.18",
        "@tsdown/css": "0.22.3",
        "@tsdown/exe": "0.22.3",
        "@types/node": "^25.9.3",
        "@types/picomatch": "^4.0.3",
        "@types/semver": "^7.7.1",
        "@typescript/native-preview": "7.0.0-dev.20260615.1",
        "@unocss/eslint-plugin": "^66.7.2",
        "@vitejs/devtools": "^0.3.3",
        "@vitest/coverage-v8": "^4.1.9",
        "@vitest/ui": "^4.1.9",
        "@vueuse/core": "^14.3.0",
        "actionspack": "^0.1.5",
        "baseline-browser-mapping": "^2.10.37",
        "bumpp": "^11.1.0",
        "dedent": "^1.7.2",
        "eslint": "^10.5.0",
        "memfs": "^4.57.7",
        "package-manager-detector": "^1.6.0",
        "pkg-types": "^2.3.1",
        "postcss": "^8.5.15",
        "postcss-import": "^16.1.1",
        "prettier": "^3.8.4",
        "publint": "^0.3.21",
        "rolldown-plugin-require-cjs": "^0.4.1",
        "sass": "^1.101.0",
        "tsnapi": "^0.3.3",
        "tsx": "^4.22.4",
        "typescript": "~6.0.3",
        "unocss": "^66.7.2",
        "unplugin-ast": "^0.17.0",
        "unplugin-raw": "^0.7.0",
        "unplugin-unused": "^0.5.7",
        "unplugin-vue": "^7.2.0",
        "unrun": "^0.3.1",
        "vite": "^8.0.16",
        "vitest": "^4.1.9",
        "vue": "^3.5.38"
      },
      "engines": {
        "node": "^22.18.0 || >=24.11.0"
      },
      "funding": {
        "url": "https://github.com/sponsors/sxzz"
      },
      "peerDependencies": {
        "@arethetypeswrong/core": "^0.18.1",
        "@tsdown/css": "0.22.3",
        "@tsdown/exe": "0.22.3",
        "@vitejs/devtools": "*",
        "publint": "^0.3.8",
        "tsx": "*",
        "typescript": "^5.0.0 || ^6.0.0",
        "unplugin-unused": "^0.5.0",
        "unrun": "*"
      },
      "peerDependenciesMeta": {
        "@arethetypeswrong/core": {
          "optional": true
        },
        "@tsdown/css": {
          "optional": true
        },
        "@tsdown/exe": {
          "optional": true
        },
        "@vitejs/devtools": {
          "optional": true
        },
        "publint": {
          "optional": true
        },
        "tsx": {
          "optional": true
        },
        "typescript": {
          "optional": true
        },
        "unplugin-unused": {
          "optional": true
        },
        "unrun": {
          "optional": true
        }
      }
    },
    "../../node_modules/.pnpm/typescript@6.0.3/node_modules/typescript": {
      "version": "6.0.3",
      "dev": true,
      "license": "Apache-2.0",
      "bin": {
        "tsc": "bin/tsc",
        "tsserver": "bin/tsserver"
      },
      "devDependencies": {
        "@dprint/formatter": "^0.4.1",
        "@dprint/typescript": "0.93.4",
        "@esfx/canceltoken": "^1.0.0",
        "@eslint/js": "^10.0.1",
        "@octokit/rest": "^22.0.1",
        "@types/chai": "^4.3.20",
        "@types/minimist": "^1.2.5",
        "@types/mocha": "^10.0.10",
        "@types/ms": "^2.1.0",
        "@types/node": "latest",
        "@types/source-map-support": "^0.5.10",
        "@types/which": "^3.0.4",
        "@typescript-eslint/rule-tester": "^8.56.1",
        "@typescript-eslint/type-utils": "^8.56.1",
        "@typescript-eslint/utils": "^8.56.1",
        "azure-devops-node-api": "^15.1.3",
        "c8": "^10.1.3",
        "chai": "^4.5.0",
        "chokidar": "^4.0.3",
        "diff": "^8.0.3",
        "dprint": "^0.49.1",
        "esbuild": "^0.27.3",
        "eslint": "^10.0.2",
        "eslint-plugin-regexp": "^3.0.0",
        "fast-xml-parser": "^5.4.1",
        "glob": "^10.5.0",
        "globals": "^17.4.0",
        "hereby": "^1.12.0",
        "jsonc-parser": "^3.3.1",
        "knip": "^5.85.0",
        "minimist": "^1.2.8",
        "mocha": "^10.8.2",
        "mocha-fivemat-progress-reporter": "^0.1.0",
        "monocart-coverage-reports": "^2.12.9",
        "ms": "^2.1.3",
        "picocolors": "^1.1.1",
        "playwright": "^1.58.2",
        "source-map-support": "^0.5.21",
        "tslib": "^2.8.1",
        "typescript": "^5.9.3",
        "typescript-eslint": "^8.56.1",
        "which": "^3.0.1"
      },
      "engines": {
        "node": ">=14.17"
      }
    },
    "../../node_modules/.pnpm/vitest@4.1.9_@types+node@22.19.19_jsdom@21.1.2_vite@8.0.13_@types+node@22.19.19_esbuild@0.28.1_yaml@2.9.0_/node_modules/vitest": {
      "version": "4.1.9",
      "dev": true,
      "license": "MIT",
      "dependencies": {
        "@vitest/expect": "4.1.9",
        "@vitest/mocker": "4.1.9",
        "@vitest/pretty-format": "4.1.9",
        "@vitest/runner": "4.1.9",
        "@vitest/snapshot": "4.1.9",
        "@vitest/spy": "4.1.9",
        "@vitest/utils": "4.1.9",
        "es-module-lexer": "^2.0.0",
        "expect-type": "^1.3.0",
        "magic-string": "^0.30.21",
        "obug": "^2.1.1",
        "pathe": "^2.0.3",
        "picomatch": "^4.0.3",
        "std-env": "^4.0.0-rc.1",
        "tinybench": "^2.9.0",
        "tinyexec": "^1.0.2",
        "tinyglobby": "^0.2.15",
        "tinyrainbow": "^3.1.0",
        "vite": "^6.0.0 || ^7.0.0 || ^8.0.0",
        "why-is-node-running": "^2.3.0"
      },
      "bin": {
        "vitest": "vitest.mjs"
      },
      "devDependencies": {
        "@antfu/install-pkg": "^1.1.0",
        "@bomb.sh/tab": "^0.0.14",
        "@edge-runtime/vm": "^5.0.0",
        "@jridgewell/trace-mapping": "0.3.31",
        "@opentelemetry/api": "^1.9.0",
        "@sinonjs/fake-timers": "15.0.0",
        "@types/estree": "^1.0.8",
        "@types/istanbul-lib-coverage": "^2.0.6",
        "@types/istanbul-reports": "^3.0.4",
        "@types/jsdom": "^27.0.0",
        "@types/node": "^24.12.0",
        "@types/picomatch": "^4.0.2",
        "@types/prompts": "^2.4.9",
        "@types/sinonjs__fake-timers": "^15.0.1",
        "acorn": "8.11.3",
        "acorn-walk": "^8.3.5",
        "birpc": "^4.0.0",
        "cac": "^6.7.14",
        "empathic": "^2.0.0",
        "flatted": "^3.4.2",
        "happy-dom": "^20.8.3",
        "jsdom": "^27.4.0",
        "local-pkg": "^1.1.2",
        "mime": "^4.1.0",
        "prompts": "^2.4.2",
        "strip-literal": "^3.1.0",
        "tinyhighlight": "^0.3.2",
        "ws": "^8.19.0"
      },
      "engines": {
        "node": "^20.0.0 || ^22.0.0 || >=24.0.0"
      },
      "funding": {
        "url": "https://opencollective.com/vitest"
      },
      "peerDependencies": {
        "@edge-runtime/vm": "*",
        "@opentelemetry/api": "^1.9.0",
        "@types/node": "^20.0.0 || ^22.0.0 || >=24.0.0",
        "@vitest/browser-playwright": "4.1.9",
        "@vitest/browser-preview": "4.1.9",
        "@vitest/browser-webdriverio": "4.1.9",
        "@vitest/coverage-istanbul": "4.1.9",
        "@vitest/coverage-v8": "4.1.9",
        "@vitest/ui": "4.1.9",
        "happy-dom": "*",
        "jsdom": "*",
        "vite": "^6.0.0 || ^7.0.0 || ^8.0.0"
      },
      "peerDependenciesMeta": {
        "@edge-runtime/vm": {
          "optional": true
        },
        "@opentelemetry/api": {
          "optional": true
        },
        "@types/node": {
          "optional": true
        },
        "@vitest/browser-playwright": {
          "optional": true
        },
        "@vitest/browser-preview": {
          "optional": true
        },
        "@vitest/browser-webdriverio": {
          "optional": true
        },
        "@vitest/coverage-istanbul": {
          "optional": true
        },
        "@vitest/coverage-v8": {
          "optional": true
        },
        "@vitest/ui": {
          "optional": true
        },
        "happy-dom": {
          "optional": true
        },
        "jsdom": {
          "optional": true
        },
        "vite": {
          "optional": false
        }
      }
    },
    "node_modules/@types/node": {
      "resolved": "../../node_modules/.pnpm/@types+node@22.19.19/node_modules/@types/node",
      "link": true
    },
    "node_modules/@types/tiny-async-pool": {
      "version": "2.0.3",
      "resolved": "https://registry.npmjs.org/@types/tiny-async-pool/-/tiny-async-pool-2.0.3.tgz",
      "integrity": "sha512-n3l1s538tKo9RBoHs4I3DG/VmD3VYhF5mHcgu1sU4Lq7JCNBtxnpBy3OkWSbZsp5r5QOuplh2UkXXXwufoAuNQ==",
      "dev": true,
      "license": "MIT"
    },
    "node_modules/bundle-require": {
      "resolved": "../../node_modules/.pnpm/bundle-require@5.1.0_esbuild@0.28.1/node_modules/bundle-require",
      "link": true
    },
    "node_modules/chalk": {
      "resolved": "../../node_modules/.pnpm/chalk@5.6.2/node_modules/chalk",
      "link": true
    },
    "node_modules/commander": {
      "resolved": "../../node_modules/.pnpm/commander@15.0.0/node_modules/commander",
      "link": true
    },
    "node_modules/dotenv": {
      "resolved": "../../node_modules/.pnpm/dotenv@17.4.2/node_modules/dotenv",
      "link": true
    },
    "node_modules/esbuild": {
      "resolved": "../../node_modules/.pnpm/esbuild@0.28.1/node_modules/esbuild",
      "link": true
    },
    "node_modules/image-size": {
      "resolved": "../../node_modules/.pnpm/image-size@2.0.2/node_modules/image-size",
      "link": true
    },
    "node_modules/inquirer": {
      "resolved": "../../node_modules/.pnpm/inquirer@14.0.2_@types+node@22.19.19/node_modules/inquirer",
      "link": true
    },
    "node_modules/joycon": {
      "resolved": "../../node_modules/.pnpm/joycon@3.1.1/node_modules/joycon",
      "link": true
    },
    "node_modules/ofetch": {
      "resolved": "../../node_modules/.pnpm/ofetch@1.5.1/node_modules/ofetch",
      "link": true
    },
    "node_modules/tiny-async-pool": {
      "resolved": "../../node_modules/.pnpm/tiny-async-pool@2.1.0/node_modules/tiny-async-pool",
      "link": true
    },
    "node_modules/tsdown": {
      "resolved": "../../node_modules/.pnpm/tsdown@0.22.3_typescript@6.0.3/node_modules/tsdown",
      "link": true
    },
    "node_modules/typescript": {
      "resolved": "../../node_modules/.pnpm/typescript@6.0.3/node_modules/typescript",
      "link": true
    },
    "node_modules/vitest": {
      "resolved": "../../node_modules/.pnpm/vitest@4.1.9_@types+node@22.19.19_jsdom@21.1.2_vite@8.0.13_@types+node@22.19.19_esbuild@0.28.1_yaml@2.9.0_/node_modules/vitest",
      "link": true
    }
  }
}
